
Microsoft Visual Studio Solution File, Format Version 12.00
# Visual Studio Express 2013 for Windows
VisualStudioVersion = 12.0.31101.0
MinimumVisualStudioVersion = 10.0.40219.1
Project("{FAE04EC0-301F-11D3-BF4B-00C04F79EFBC}") = "ConstructorsDestructors", "ConstructorsDestructors\ConstructorsDestructors.csproj", "{2C29A7EF-2026-436B-A516-8CB76AB7FBF7}"
EndProject
Project("{FAE04EC0-301F-11D3-BF4B-00C04F79EFBC}") = "CSharpComponent", "CSharpComponent\CSharpComponent.csproj", "{FF6F9D5A-3EAC-486B-99DF-9ED1FEDB6225}"
EndProject
Project("{8BC9CEB8-8B4A-11D0-8D11-00A0C91BC942}") = "CppComponent", "CppComponent\CppComponent.vcxproj", "{EE4ECDAD-7673-41E9-93EF-B4F3915CD03A}"
EndProject
Global
	GlobalSection(SolutionConfigurationPlatforms) = preSolution
		Debug|Any CPU = Debug|Any CPU
		Debug|ARM = Debug|ARM
		Debug|Mixed Platforms = Debug|Mixed Platforms
		Debug|Win32 = Debug|Win32
		Debug|x86 = Debug|x86
		Release|Any CPU = Release|Any CPU
		Release|ARM = Release|ARM
		Release|Mixed Platforms = Release|Mixed Platforms
		Release|Win32 = Release|Win32
		Release|x86 = Release|x86
	EndGlobalSection
	GlobalSection(ProjectConfigurationPlatforms) = postSolution
		{2C29A7EF-2026-436B-A516-8CB76AB7FBF7}.Debug|Any CPU.ActiveCfg = Debug|Any CPU
		{2C29A7EF-2026-436B-A516-8CB76AB7FBF7}.Debug|Any CPU.Build.0 = Debug|Any CPU
		{2C29A7EF-2026-436B-A516-8CB76AB7FBF7}.Debug|Any CPU.Deploy.0 = Debug|Any CPU
		{2C29A7EF-2026-436B-A516-8CB76AB7FBF7}.Debug|ARM.ActiveCfg = Debug|ARM
		{2C29A7EF-2026-436B-A516-8CB76AB7FBF7}.Debug|ARM.Build.0 = Debug|ARM
		{2C29A7EF-2026-436B-A516-8CB76AB7FBF7}.Debug|ARM.Deploy.0 = Debug|ARM
		{2C29A7EF-2026-436B-A516-8CB76AB7FBF7}.Debug|Mixed Platforms.ActiveCfg = Debug|x86
		{2C29A7EF-2026-436B-A516-8CB76AB7FBF7}.Debug|Mixed Platforms.Build.0 = Debug|x86
		{2C29A7EF-2026-436B-A516-8CB76AB7FBF7}.Debug|Mixed Platforms.Deploy.0 = Debug|x86
		{2C29A7EF-2026-436B-A516-8CB76AB7FBF7}.Debug|Win32.ActiveCfg = Debug|x86
		{2C29A7EF-2026-436B-A516-8CB76AB7FBF7}.Debug|Win32.Build.0 = Debug|x86
		{2C29A7EF-2026-436B-A516-8CB76AB7FBF7}.Debug|Win32.Deploy.0 = Debug|x86
		{2C29A7EF-2026-436B-A516-8CB76AB7FBF7}.Debug|x86.ActiveCfg = Debug|x86
		{2C29A7EF-2026-436B-A516-8CB76AB7FBF7}.Debug|x86.Build.0 = Debug|x86
		{2C29A7EF-2026-436B-A516-8CB76AB7FBF7}.Debug|x86.Deploy.0 = Debug|x86
		{2C29A7EF-2026-436B-A516-8CB76AB7FBF7}.Release|Any CPU.ActiveCfg = Release|Any CPU
		{2C29A7EF-2026-436B-A516-8CB76AB7FBF7}.Release|Any CPU.Build.0 = Release|Any CPU
		{2C29A7EF-2026-436B-A516-8CB76AB7FBF7}.Release|Any CPU.Deploy.0 = Release|Any CPU
		{2C29A7EF-2026-436B-A516-8CB76AB7FBF7}.Release|ARM.ActiveCfg = Release|ARM
		{2C29A7EF-2026-436B-A516-8CB76AB7FBF7}.Release|ARM.Build.0 = Release|ARM
		{2C29A7EF-2026-436B-A516-8CB76AB7FBF7}.Release|ARM.Deploy.0 = Release|ARM
		{2C29A7EF-2026-436B-A516-8CB76AB7FBF7}.Release|Mixed Platforms.ActiveCfg = Release|x86
		{2C29A7EF-2026-436B-A516-8CB76AB7FBF7}.Release|Mixed Platforms.Build.0 = Release|x86
		{2C29A7EF-2026-436B-A516-8CB76AB7FBF7}.Release|Mixed Platforms.Deploy.0 = Release|x86
		{2C29A7EF-2026-436B-A516-8CB76AB7FBF7}.Release|Win32.ActiveCfg = Release|x86
		{2C29A7EF-2026-436B-A516-8CB76AB7FBF7}.Release|Win32.Build.0 = Release|x86
		{2C29A7EF-2026-436B-A516-8CB76AB7FBF7}.Release|Win32.Deploy.0 = Release|x86
		{2C29A7EF-2026-436B-A516-8CB76AB7FBF7}.Release|x86.ActiveCfg = Release|x86
		{2C29A7EF-2026-436B-A516-8CB76AB7FBF7}.Release|x86.Build.0 = Release|x86
		{2C29A7EF-2026-436B-A516-8CB76AB7FBF7}.Release|x86.Deploy.0 = Release|x86
		{FF6F9D5A-3EAC-486B-99DF-9ED1FEDB6225}.Debug|Any CPU.ActiveCfg = Debug|Any CPU
		{FF6F9D5A-3EAC-486B-99DF-9ED1FEDB6225}.Debug|Any CPU.Build.0 = Debug|Any CPU
		{FF6F9D5A-3EAC-486B-99DF-9ED1FEDB6225}.Debug|ARM.ActiveCfg = Debug|ARM
		{FF6F9D5A-3EAC-486B-99DF-9ED1FEDB6225}.Debug|ARM.Build.0 = Debug|ARM
		{FF6F9D5A-3EAC-486B-99DF-9ED1FEDB6225}.Debug|Mixed Platforms.ActiveCfg = Debug|x86
		{FF6F9D5A-3EAC-486B-99DF-9ED1FEDB6225}.Debug|Mixed Platforms.Build.0 = Debug|x86
		{FF6F9D5A-3EAC-486B-99DF-9ED1FEDB6225}.Debug|Win32.ActiveCfg = Debug|x86
		{FF6F9D5A-3EAC-486B-99DF-9ED1FEDB6225}.Debug|Win32.Build.0 = Debug|x86
		{FF6F9D5A-3EAC-486B-99DF-9ED1FEDB6225}.Debug|x86.ActiveCfg = Debug|x86
		{FF6F9D5A-3EAC-486B-99DF-9ED1FEDB6225}.Debug|x86.Build.0 = Debug|x86
		{FF6F9D5A-3EAC-486B-99DF-9ED1FEDB6225}.Release|Any CPU.ActiveCfg = Release|Any CPU
		{FF6F9D5A-3EAC-486B-99DF-9ED1FEDB6225}.Release|Any CPU.Build.0 = Release|Any CPU
		{FF6F9D5A-3EAC-486B-99DF-9ED1FEDB6225}.Release|ARM.ActiveCfg = Release|ARM
		{FF6F9D5A-3EAC-486B-99DF-9ED1FEDB6225}.Release|ARM.Build.0 = Release|ARM
		{FF6F9D5A-3EAC-486B-99DF-9ED1FEDB6225}.Release|Mixed Platforms.ActiveCfg = Release|x86
		{FF6F9D5A-3EAC-486B-99DF-9ED1FEDB6225}.Release|Mixed Platforms.Build.0 = Release|x86
		{FF6F9D5A-3EAC-486B-99DF-9ED1FEDB6225}.Release|Win32.ActiveCfg = Release|x86
		{FF6F9D5A-3EAC-486B-99DF-9ED1FEDB6225}.Release|Win32.Build.0 = Release|x86
		{FF6F9D5A-3EAC-486B-99DF-9ED1FEDB6225}.Release|x86.ActiveCfg = Release|x86
		{FF6F9D5A-3EAC-486B-99DF-9ED1FEDB6225}.Release|x86.Build.0 = Release|x86
		{EE4ECDAD-7673-41E9-93EF-B4F3915CD03A}.Debug|Any CPU.ActiveCfg = Debug|Win32
		{EE4ECDAD-7673-41E9-93EF-B4F3915CD03A}.Debug|ARM.ActiveCfg = Debug|ARM
		{EE4ECDAD-7673-41E9-93EF-B4F3915CD03A}.Debug|ARM.Build.0 = Debug|ARM
		{EE4ECDAD-7673-41E9-93EF-B4F3915CD03A}.Debug|Mixed Platforms.ActiveCfg = Debug|Win32
		{EE4ECDAD-7673-41E9-93EF-B4F3915CD03A}.Debug|Mixed Platforms.Build.0 = Debug|Win32
		{EE4ECDAD-7673-41E9-93EF-B4F3915CD03A}.Debug|Win32.ActiveCfg = Debug|Win32
		{EE4ECDAD-7673-41E9-93EF-B4F3915CD03A}.Debug|Win32.Build.0 = Debug|Win32
		{EE4ECDAD-7673-41E9-93EF-B4F3915CD03A}.Debug|x86.ActiveCfg = Debug|Win32
		{EE4ECDAD-7673-41E9-93EF-B4F3915CD03A}.Debug|x86.Build.0 = Debug|Win32
		{EE4ECDAD-7673-41E9-93EF-B4F3915CD03A}.Release|Any CPU.ActiveCfg = Release|Win32
		{EE4ECDAD-7673-41E9-93EF-B4F3915CD03A}.Release|ARM.ActiveCfg = Release|ARM
		{EE4ECDAD-7673-41E9-93EF-B4F3915CD03A}.Release|ARM.Build.0 = Release|ARM
		{EE4ECDAD-7673-41E9-93EF-B4F3915CD03A}.Release|Mixed Platforms.ActiveCfg = Release|Win32
		{EE4ECDAD-7673-41E9-93EF-B4F3915CD03A}.Release|Mixed Platforms.Build.0 = Release|Win32
		{EE4ECDAD-7673-41E9-93EF-B4F3915CD03A}.Release|Win32.ActiveCfg = Release|Win32
		{EE4ECDAD-7673-41E9-93EF-B4F3915CD03A}.Release|Win32.Build.0 = Release|Win32
		{EE4ECDAD-7673-41E9-93EF-B4F3915CD03A}.Release|x86.ActiveCfg = Release|Win32
		{EE4ECDAD-7673-41E9-93EF-B4F3915CD03A}.Release|x86.Build.0 = Release|Win32
	EndGlobalSection
	GlobalSection(SolutionProperties) = preSolution
		HideSolutionNode = FALSE
	EndGlobalSection
EndGlobal
