
Microsoft Visual Studio Solution File, Format Version 12.00
# Visual Studio Express 2013 for Windows
VisualStudioVersion = 12.0.31101.0
MinimumVisualStudioVersion = 10.0.40219.1
Project("{FAE04EC0-301F-11D3-BF4B-00C04F79EFBC}") = "Interop", "Interop\Interop.csproj", "{0699C1FC-4A62-4370-A005-D21EFD674D97}"
EndProject
Project("{8BC9CEB8-8B4A-11D0-8D11-00A0C91BC942}") = "InteropCppComponent", "InteropCppComponent\InteropCppComponent.vcxproj", "{5E98B74B-7585-413D-A2A8-7F05A850A661}"
EndProject
Global
	GlobalSection(SolutionConfigurationPlatforms) = preSolution
		Debug|Any CPU = Debug|Any CPU
		Debug|ARM = Debug|ARM
		Debug|Mixed Platforms = Debug|Mixed Platforms
		Debug|Win32 = Debug|Win32
		Debug|x86 = Debug|x86
		Release|Any CPU = Release|Any CPU
		Release|ARM = Release|ARM
		Release|Mixed Platforms = Release|Mixed Platforms
		Release|Win32 = Release|Win32
		Release|x86 = Release|x86
	EndGlobalSection
	GlobalSection(ProjectConfigurationPlatforms) = postSolution
		{0699C1FC-4A62-4370-A005-D21EFD674D97}.Debug|Any CPU.ActiveCfg = Debug|Any CPU
		{0699C1FC-4A62-4370-A005-D21EFD674D97}.Debug|Any CPU.Build.0 = Debug|Any CPU
		{0699C1FC-4A62-4370-A005-D21EFD674D97}.Debug|Any CPU.Deploy.0 = Debug|Any CPU
		{0699C1FC-4A62-4370-A005-D21EFD674D97}.Debug|ARM.ActiveCfg = Debug|ARM
		{0699C1FC-4A62-4370-A005-D21EFD674D97}.Debug|ARM.Build.0 = Debug|ARM
		{0699C1FC-4A62-4370-A005-D21EFD674D97}.Debug|ARM.Deploy.0 = Debug|ARM
		{0699C1FC-4A62-4370-A005-D21EFD674D97}.Debug|Mixed Platforms.ActiveCfg = Debug|x86
		{0699C1FC-4A62-4370-A005-D21EFD674D97}.Debug|Mixed Platforms.Build.0 = Debug|x86
		{0699C1FC-4A62-4370-A005-D21EFD674D97}.Debug|Mixed Platforms.Deploy.0 = Debug|x86
		{0699C1FC-4A62-4370-A005-D21EFD674D97}.Debug|Win32.ActiveCfg = Debug|x86
		{0699C1FC-4A62-4370-A005-D21EFD674D97}.Debug|Win32.Build.0 = Debug|x86
		{0699C1FC-4A62-4370-A005-D21EFD674D97}.Debug|Win32.Deploy.0 = Debug|x86
		{0699C1FC-4A62-4370-A005-D21EFD674D97}.Debug|x86.ActiveCfg = Debug|x86
		{0699C1FC-4A62-4370-A005-D21EFD674D97}.Debug|x86.Build.0 = Debug|x86
		{0699C1FC-4A62-4370-A005-D21EFD674D97}.Debug|x86.Deploy.0 = Debug|x86
		{0699C1FC-4A62-4370-A005-D21EFD674D97}.Release|Any CPU.ActiveCfg = Release|Any CPU
		{0699C1FC-4A62-4370-A005-D21EFD674D97}.Release|Any CPU.Build.0 = Release|Any CPU
		{0699C1FC-4A62-4370-A005-D21EFD674D97}.Release|Any CPU.Deploy.0 = Release|Any CPU
		{0699C1FC-4A62-4370-A005-D21EFD674D97}.Release|ARM.ActiveCfg = Release|ARM
		{0699C1FC-4A62-4370-A005-D21EFD674D97}.Release|ARM.Build.0 = Release|ARM
		{0699C1FC-4A62-4370-A005-D21EFD674D97}.Release|ARM.Deploy.0 = Release|ARM
		{0699C1FC-4A62-4370-A005-D21EFD674D97}.Release|Mixed Platforms.ActiveCfg = Release|x86
		{0699C1FC-4A62-4370-A005-D21EFD674D97}.Release|Mixed Platforms.Build.0 = Release|x86
		{0699C1FC-4A62-4370-A005-D21EFD674D97}.Release|Mixed Platforms.Deploy.0 = Release|x86
		{0699C1FC-4A62-4370-A005-D21EFD674D97}.Release|Win32.ActiveCfg = Release|x86
		{0699C1FC-4A62-4370-A005-D21EFD674D97}.Release|Win32.Build.0 = Release|x86
		{0699C1FC-4A62-4370-A005-D21EFD674D97}.Release|Win32.Deploy.0 = Release|x86
		{0699C1FC-4A62-4370-A005-D21EFD674D97}.Release|x86.ActiveCfg = Release|x86
		{0699C1FC-4A62-4370-A005-D21EFD674D97}.Release|x86.Build.0 = Release|x86
		{0699C1FC-4A62-4370-A005-D21EFD674D97}.Release|x86.Deploy.0 = Release|x86
		{5E98B74B-7585-413D-A2A8-7F05A850A661}.Debug|Any CPU.ActiveCfg = Debug|Win32
		{5E98B74B-7585-413D-A2A8-7F05A850A661}.Debug|ARM.ActiveCfg = Debug|ARM
		{5E98B74B-7585-413D-A2A8-7F05A850A661}.Debug|ARM.Build.0 = Debug|ARM
		{5E98B74B-7585-413D-A2A8-7F05A850A661}.Debug|Mixed Platforms.ActiveCfg = Debug|Win32
		{5E98B74B-7585-413D-A2A8-7F05A850A661}.Debug|Mixed Platforms.Build.0 = Debug|Win32
		{5E98B74B-7585-413D-A2A8-7F05A850A661}.Debug|Win32.ActiveCfg = Debug|Win32
		{5E98B74B-7585-413D-A2A8-7F05A850A661}.Debug|Win32.Build.0 = Debug|Win32
		{5E98B74B-7585-413D-A2A8-7F05A850A661}.Debug|x86.ActiveCfg = Debug|Win32
		{5E98B74B-7585-413D-A2A8-7F05A850A661}.Debug|x86.Build.0 = Debug|Win32
		{5E98B74B-7585-413D-A2A8-7F05A850A661}.Release|Any CPU.ActiveCfg = Release|Win32
		{5E98B74B-7585-413D-A2A8-7F05A850A661}.Release|ARM.ActiveCfg = Release|ARM
		{5E98B74B-7585-413D-A2A8-7F05A850A661}.Release|ARM.Build.0 = Release|ARM
		{5E98B74B-7585-413D-A2A8-7F05A850A661}.Release|Mixed Platforms.ActiveCfg = Release|Win32
		{5E98B74B-7585-413D-A2A8-7F05A850A661}.Release|Mixed Platforms.Build.0 = Release|Win32
		{5E98B74B-7585-413D-A2A8-7F05A850A661}.Release|Win32.ActiveCfg = Release|Win32
		{5E98B74B-7585-413D-A2A8-7F05A850A661}.Release|Win32.Build.0 = Release|Win32
		{5E98B74B-7585-413D-A2A8-7F05A850A661}.Release|x86.ActiveCfg = Release|Win32
		{5E98B74B-7585-413D-A2A8-7F05A850A661}.Release|x86.Build.0 = Release|Win32
	EndGlobalSection
	GlobalSection(SolutionProperties) = preSolution
		HideSolutionNode = FALSE
	EndGlobalSection
EndGlobal
