
Microsoft Visual Studio Solution File, Format Version 12.00
# Visual Studio Express 2013 for Windows
VisualStudioVersion = 12.0.31101.0
MinimumVisualStudioVersion = 10.0.40219.1
Project("{FAE04EC0-301F-11D3-BF4B-00C04F79EFBC}") = "Threading", "Threading\Threading.csproj", "{E926A1EE-A951-4BF6-9485-02317D7AAA83}"
EndProject
Project("{8BC9CEB8-8B4A-11D0-8D11-00A0C91BC942}") = "CppThreadingComponent", "CppThreadingComponent\CppThreadingComponent.vcxproj", "{6121E43A-CAA5-4BA5-8291-028BB748BC75}"
EndProject
Global
	GlobalSection(SolutionConfigurationPlatforms) = preSolution
		Debug|Any CPU = Debug|Any CPU
		Debug|ARM = Debug|ARM
		Debug|Mixed Platforms = Debug|Mixed Platforms
		Debug|Win32 = Debug|Win32
		Debug|x86 = Debug|x86
		Release|Any CPU = Release|Any CPU
		Release|ARM = Release|ARM
		Release|Mixed Platforms = Release|Mixed Platforms
		Release|Win32 = Release|Win32
		Release|x86 = Release|x86
	EndGlobalSection
	GlobalSection(ProjectConfigurationPlatforms) = postSolution
		{E926A1EE-A951-4BF6-9485-02317D7AAA83}.Debug|Any CPU.ActiveCfg = Debug|Any CPU
		{E926A1EE-A951-4BF6-9485-02317D7AAA83}.Debug|Any CPU.Build.0 = Debug|Any CPU
		{E926A1EE-A951-4BF6-9485-02317D7AAA83}.Debug|Any CPU.Deploy.0 = Debug|Any CPU
		{E926A1EE-A951-4BF6-9485-02317D7AAA83}.Debug|ARM.ActiveCfg = Debug|ARM
		{E926A1EE-A951-4BF6-9485-02317D7AAA83}.Debug|ARM.Build.0 = Debug|ARM
		{E926A1EE-A951-4BF6-9485-02317D7AAA83}.Debug|ARM.Deploy.0 = Debug|ARM
		{E926A1EE-A951-4BF6-9485-02317D7AAA83}.Debug|Mixed Platforms.ActiveCfg = Debug|x86
		{E926A1EE-A951-4BF6-9485-02317D7AAA83}.Debug|Mixed Platforms.Build.0 = Debug|x86
		{E926A1EE-A951-4BF6-9485-02317D7AAA83}.Debug|Mixed Platforms.Deploy.0 = Debug|x86
		{E926A1EE-A951-4BF6-9485-02317D7AAA83}.Debug|Win32.ActiveCfg = Debug|x86
		{E926A1EE-A951-4BF6-9485-02317D7AAA83}.Debug|Win32.Build.0 = Debug|x86
		{E926A1EE-A951-4BF6-9485-02317D7AAA83}.Debug|Win32.Deploy.0 = Debug|x86
		{E926A1EE-A951-4BF6-9485-02317D7AAA83}.Debug|x86.ActiveCfg = Debug|x86
		{E926A1EE-A951-4BF6-9485-02317D7AAA83}.Debug|x86.Build.0 = Debug|x86
		{E926A1EE-A951-4BF6-9485-02317D7AAA83}.Debug|x86.Deploy.0 = Debug|x86
		{E926A1EE-A951-4BF6-9485-02317D7AAA83}.Release|Any CPU.ActiveCfg = Release|Any CPU
		{E926A1EE-A951-4BF6-9485-02317D7AAA83}.Release|Any CPU.Build.0 = Release|Any CPU
		{E926A1EE-A951-4BF6-9485-02317D7AAA83}.Release|Any CPU.Deploy.0 = Release|Any CPU
		{E926A1EE-A951-4BF6-9485-02317D7AAA83}.Release|ARM.ActiveCfg = Release|ARM
		{E926A1EE-A951-4BF6-9485-02317D7AAA83}.Release|ARM.Build.0 = Release|ARM
		{E926A1EE-A951-4BF6-9485-02317D7AAA83}.Release|ARM.Deploy.0 = Release|ARM
		{E926A1EE-A951-4BF6-9485-02317D7AAA83}.Release|Mixed Platforms.ActiveCfg = Release|x86
		{E926A1EE-A951-4BF6-9485-02317D7AAA83}.Release|Mixed Platforms.Build.0 = Release|x86
		{E926A1EE-A951-4BF6-9485-02317D7AAA83}.Release|Mixed Platforms.Deploy.0 = Release|x86
		{E926A1EE-A951-4BF6-9485-02317D7AAA83}.Release|Win32.ActiveCfg = Release|x86
		{E926A1EE-A951-4BF6-9485-02317D7AAA83}.Release|Win32.Build.0 = Release|x86
		{E926A1EE-A951-4BF6-9485-02317D7AAA83}.Release|Win32.Deploy.0 = Release|x86
		{E926A1EE-A951-4BF6-9485-02317D7AAA83}.Release|x86.ActiveCfg = Release|x86
		{E926A1EE-A951-4BF6-9485-02317D7AAA83}.Release|x86.Build.0 = Release|x86
		{E926A1EE-A951-4BF6-9485-02317D7AAA83}.Release|x86.Deploy.0 = Release|x86
		{6121E43A-CAA5-4BA5-8291-028BB748BC75}.Debug|Any CPU.ActiveCfg = Debug|Win32
		{6121E43A-CAA5-4BA5-8291-028BB748BC75}.Debug|ARM.ActiveCfg = Debug|ARM
		{6121E43A-CAA5-4BA5-8291-028BB748BC75}.Debug|ARM.Build.0 = Debug|ARM
		{6121E43A-CAA5-4BA5-8291-028BB748BC75}.Debug|Mixed Platforms.ActiveCfg = Debug|Win32
		{6121E43A-CAA5-4BA5-8291-028BB748BC75}.Debug|Mixed Platforms.Build.0 = Debug|Win32
		{6121E43A-CAA5-4BA5-8291-028BB748BC75}.Debug|Win32.ActiveCfg = Debug|Win32
		{6121E43A-CAA5-4BA5-8291-028BB748BC75}.Debug|Win32.Build.0 = Debug|Win32
		{6121E43A-CAA5-4BA5-8291-028BB748BC75}.Debug|x86.ActiveCfg = Debug|Win32
		{6121E43A-CAA5-4BA5-8291-028BB748BC75}.Debug|x86.Build.0 = Debug|Win32
		{6121E43A-CAA5-4BA5-8291-028BB748BC75}.Release|Any CPU.ActiveCfg = Release|Win32
		{6121E43A-CAA5-4BA5-8291-028BB748BC75}.Release|ARM.ActiveCfg = Release|ARM
		{6121E43A-CAA5-4BA5-8291-028BB748BC75}.Release|ARM.Build.0 = Release|ARM
		{6121E43A-CAA5-4BA5-8291-028BB748BC75}.Release|Mixed Platforms.ActiveCfg = Release|Win32
		{6121E43A-CAA5-4BA5-8291-028BB748BC75}.Release|Mixed Platforms.Build.0 = Release|Win32
		{6121E43A-CAA5-4BA5-8291-028BB748BC75}.Release|Win32.ActiveCfg = Release|Win32
		{6121E43A-CAA5-4BA5-8291-028BB748BC75}.Release|Win32.Build.0 = Release|Win32
		{6121E43A-CAA5-4BA5-8291-028BB748BC75}.Release|x86.ActiveCfg = Release|Win32
		{6121E43A-CAA5-4BA5-8291-028BB748BC75}.Release|x86.Build.0 = Release|Win32
	EndGlobalSection
	GlobalSection(SolutionProperties) = preSolution
		HideSolutionNode = FALSE
	EndGlobalSection
EndGlobal
